{
  "object": {
    "pins": [
      {
        "package": "JavaScriptKit",
        "repositoryURL": "https://github.com/kateinoigakukun/JavaScriptKit.git",
        "state": {
          "branch": "c90e82f",
          "revision": "c90e82fe1d576a2ccd1aae798380bf80be7885fb",
          "version": null
        }
      },
      {
        "package": "OpenCombine",
        "repositoryURL": "https://github.com/MaxDesiatov/OpenCombine.git",
        "state": {
          "branch": "observable-object-5.3",
          "revision": "979d83e8725a504567827b89a5656bf4fd36d0c6",
          "version": null
        }
      },
      {
        "package": "Runtime",
        "repositoryURL": "https://github.com/MaxDesiatov/Runtime.git",
        "state": {
          "branch": "wasi-build-5.3",
          "revision": "a617ead8a125a97e69d6100e4d27922006e82e0a",
          "version": null
        }
      },
      {
        "package": "swift-argument-parser",
        "repositoryURL": "https://github.com/apple/swift-argument-parser",
        "state": {
          "branch": null,
          "revision": "eb51f949cdd0c9d88abba9ce79d37eb7ea1231d0",
          "version": "0.2.0"
        }
      },
      {
        "package": "SwiftSyntax",
        "repositoryURL": "https://github.com/apple/swift-syntax",
        "state": {
          "branch": "release/5.3",
          "revision": "e39d380a1877da137d45cc5dcd23676a3fd00476",
          "version": null
        }
      },
      {
        "package": "Tokamak",
        "repositoryURL": "https://github.com/swiftwasm/Tokamak",
        "state": {
          "branch": "main",
          "revision": "b7434a2e54b326d400eab903202e45cbb464c7b7",
          "version": null
        }
      }
    ]
  },
  "version": 1
}
